// !$*UTF8*$!
{
	archiveVersion = 1;
	classes = {
	};
	objectVersion = 46;
	objects = {

/* Begin PBXBuildFile section */
		9195E57B1B94233A0089DB7F /* main.m in Sources */ = {isa = PBXBuildFile; fileRef = 9195E57A1B94233A0089DB7F /* main.m */; };
		9195E57E1B94233A0089DB7F /* AppDelegate.m in Sources */ = {isa = PBXBuildFile; fileRef = 9195E57D1B94233A0089DB7F /* AppDelegate.m */; };
		9195E5811B94233A0089DB7F /* ViewController.m in Sources */ = {isa = PBXBuildFile; fileRef = 9195E5801B94233A0089DB7F /* ViewController.m */; };
		9195E5841B94233A0089DB7F /* Main.storyboard in Resources */ = {isa = PBXBuildFile; fileRef = 9195E5821B94233A0089DB7F /* Main.storyboard */; };
		9195E5861B94233A0089DB7F /* Images.xcassets in Resources */ = {isa = PBXBuildFile; fileRef = 9195E5851B94233A0089DB7F /* Images.xcassets */; };
		9195E5891B94233A0089DB7F /* LaunchScreen.xib in Resources */ = {isa = PBXBuildFile; fileRef = 9195E5871B94233A0089DB7F /* LaunchScreen.xib */; };
		9195E5951B94233A0089DB7F /* IOS_Developer_library_ChineseTests.m in Sources */ = {isa = PBXBuildFile; fileRef = 9195E5941B94233A0089DB7F /* IOS_Developer_library_ChineseTests.m */; };
/* End PBXBuildFile section */

/* Begin PBXContainerItemProxy section */
		9195E58F1B94233A0089DB7F /* PBXContainerItemProxy */ = {
			isa = PBXContainerItemProxy;
			containerPortal = 9195E56D1B94233A0089DB7F /* Project object */;
			proxyType = 1;
			remoteGlobalIDString = 9195E5741B94233A0089DB7F;
			remoteInfo = "IOS-Developer-library-Chinese";
		};
/* End PBXContainerItemProxy section */

/* Begin PBXFileReference section */
		9195E5751B94233A0089DB7F /* IOS-Developer-library-Chinese.app */ = {isa = PBXFileReference; explicitFileType = wrapper.application; includeInIndex = 0; path = "IOS-Developer-library-Chinese.app"; sourceTree = BUILT_PRODUCTS_DIR; };
		9195E5791B94233A0089DB7F /* Info.plist */ = {isa = PBXFileReference; lastKnownFileType = text.plist.xml; path = Info.plist; sourceTree = "<group>"; };
		9195E57A1B94233A0089DB7F /* main.m */ = {isa = PBXFileReference; lastKnownFileType = sourcecode.c.objc; path = main.m; sourceTree = "<group>"; };
		9195E57C1B94233A0089DB7F /* AppDelegate.h */ = {isa = PBXFileReference; lastKnownFileType = sourcecode.c.h; path = AppDelegate.h; sourceTree = "<group>"; };
		9195E57D1B94233A0089DB7F /* AppDelegate.m */ = {isa = PBXFileReference; lastKnownFileType = sourcecode.c.objc; path = AppDelegate.m; sourceTree = "<group>"; };
		9195E57F1B94233A0089DB7F /* ViewController.h */ = {isa = PBXFileReference; lastKnownFileType = sourcecode.c.h; path = ViewController.h; sourceTree = "<group>"; };
		9195E5801B94233A0089DB7F /* ViewController.m */ = {isa = PBXFileReference; lastKnownFileType = sourcecode.c.objc; path = ViewController.m; sourceTree = "<group>"; };
		9195E5831B94233A0089DB7F /* Base */ = {isa = PBXFileReference; lastKnownFileType = file.storyboard; name = Base; path = Base.lproj/Main.storyboard; sourceTree = "<group>"; };
		9195E5851B94233A0089DB7F /* Images.xcassets */ = {isa = PBXFileReference; lastKnownFileType = folder.assetcatalog; path = Images.xcassets; sourceTree = "<group>"; };
		9195E5881B94233A0089DB7F /* Base */ = {isa = PBXFileReference; lastKnownFileType = file.xib; name = Base; path = Base.lproj/LaunchScreen.xib; sourceTree = "<group>"; };
		9195E58E1B94233A0089DB7F /* IOS-Developer-library-ChineseTests.xctest */ = {isa = PBXFileReference; explicitFileType = wrapper.cfbundle; includeInIndex = 0; path = "IOS-Developer-library-ChineseTests.xctest"; sourceTree = BUILT_PRODUCTS_DIR; };
		9195E5931B94233A0089DB7F /* Info.plist */ = {isa = PBXFileReference; lastKnownFileType = text.plist.xml; path = Info.plist; sourceTree = "<group>"; };
		9195E5941B94233A0089DB7F /* IOS_Developer_library_ChineseTests.m */ = {isa = PBXFileReference; lastKnownFileType = sourcecode.c.objc; path = IOS_Developer_library_ChineseTests.m; sourceTree = "<group>"; };
/* End PBXFileReference section */

/* Begin PBXFrameworksBuildPhase section */
		9195E5721B94233A0089DB7F /* Frameworks */ = {
			isa = PBXFrameworksBuildPhase;
			buildActionMask = 2147483647;
			files = (
			);
			runOnlyForDeploymentPostprocessing = 0;
		};
		9195E58B1B94233A0089DB7F /* Frameworks */ = {
			isa = PBXFrameworksBuildPhase;
			buildActionMask = 2147483647;
			files = (
			);
			runOnlyForDeploymentPostprocessing = 0;
		};
/* End PBXFrameworksBuildPhase section */

/* Begin PBXGroup section */
		9195E56C1B94233A0089DB7F = {
			isa = PBXGroup;
			children = (
				9195E59E1B9426DD0089DB7F /* ios开发者 文档 */,
				9195E5771B94233A0089DB7F /* IOS-Developer-library-Chinese */,
				9195E5911B94233A0089DB7F /* IOS-Developer-library-ChineseTests */,
				9195E5761B94233A0089DB7F /* Products */,
			);
			sourceTree = "<group>";
		};
		9195E5761B94233A0089DB7F /* Products */ = {
			isa = PBXGroup;
			children = (
				9195E5751B94233A0089DB7F /* IOS-Developer-library-Chinese.app */,
				9195E58E1B94233A0089DB7F /* IOS-Developer-library-ChineseTests.xctest */,
			);
			name = Products;
			sourceTree = "<group>";
		};
		9195E5771B94233A0089DB7F /* IOS-Developer-library-Chinese */ = {
			isa = PBXGroup;
			children = (
				9195E57C1B94233A0089DB7F /* AppDelegate.h */,
				9195E57D1B94233A0089DB7F /* AppDelegate.m */,
				9195E57F1B94233A0089DB7F /* ViewController.h */,
				9195E5801B94233A0089DB7F /* ViewController.m */,
				9195E5821B94233A0089DB7F /* Main.storyboard */,
				9195E5851B94233A0089DB7F /* Images.xcassets */,
				9195E5871B94233A0089DB7F /* LaunchScreen.xib */,
				9195E5781B94233A0089DB7F /* Supporting Files */,
			);
			path = "IOS-Developer-library-Chinese";
			sourceTree = "<group>";
		};
		9195E5781B94233A0089DB7F /* Supporting Files */ = {
			isa = PBXGroup;
			children = (
				9195E5791B94233A0089DB7F /* Info.plist */,
				9195E57A1B94233A0089DB7F /* main.m */,
			);
			name = "Supporting Files";
			sourceTree = "<group>";
		};
		9195E5911B94233A0089DB7F /* IOS-Developer-library-ChineseTests */ = {
			isa = PBXGroup;
			children = (
				9195E5941B94233A0089DB7F /* IOS_Developer_library_ChineseTests.m */,
				9195E5921B94233A0089DB7F /* Supporting Files */,
			);
			path = "IOS-Developer-library-ChineseTests";
			sourceTree = "<group>";
		};
		9195E5921B94233A0089DB7F /* Supporting Files */ = {
			isa = PBXGroup;
			children = (
				9195E5931B94233A0089DB7F /* Info.plist */,
			);
			name = "Supporting Files";
			sourceTree = "<group>";
		};
		9195E59E1B9426DD0089DB7F /* ios开发者 文档 */ = {
			isa = PBXGroup;
			children = (
				9195E5A11B9426DD0089DB7F /* 资源类型 */,
				9195E59F1B9426DD0089DB7F /* 主题 */,
				9195E5A01B9426DD0089DB7F /* 框架 */,
			);
			path = "ios开发者 文档";
			sourceTree = "<group>";
		};
		9195E59F1B9426DD0089DB7F /* 主题 */ = {
			isa = PBXGroup;
			children = (
				9195E5B21B9428E60089DB7F /* 音频和视频 */,
				9195E5AE1B9428E60089DB7F /* 数据管理 */,
				9195E5AF1B9428E60089DB7F /* 通常的 */,
				9195E5B01B9428E60089DB7F /* 图形和动画 */,
				9195E5B41B9428E60089DB7F /* 语言和实用的 */,
				9195E5B71B94297A0089DB7F /* 数学计算 */,
				9195E5B81B9429DF0089DB7F /* 网络和internet */,
				9195E5B11B9428E60089DB7F /* 性能 */,
				9195E5AD1B9428E60089DB7F /* 安全 */,
				9195E5B51B9428E60089DB7F /* swift */,
				9195E5B31B9428E60089DB7F /* 用户体验 */,
				9195E5B61B9428E60089DB7F /* xcode */,
			);
			path = "主题";
			sourceTree = "<group>";
		};
		9195E5A01B9426DD0089DB7F /* 框架 */ = {
			isa = PBXGroup;
			children = (
				9195E5B91B942A6F0089DB7F /* Cocoa Touch Layer */,
				9195E5BC1B942A6F0089DB7F /* Media Layer */,
				9195E5BB1B942A6F0089DB7F /* Core Services Layer */,
				9195E5BA1B942A6F0089DB7F /* Core OS Layer */,
			);
			path = "框架";
			sourceTree = "<group>";
		};
		9195E5A11B9426DD0089DB7F /* 资源类型 */ = {
			isa = PBXGroup;
			children = (
				9195E5AA1B9426DD0089DB7F /* 文章 */,
				9195E5A91B9426DD0089DB7F /* 文档 */,
				9195E5A51B9426DD0089DB7F /* 开始 */,
				9195E5A81B9426DD0089DB7F /* 指南 */,
				9195E5A31B9426DD0089DB7F /* 参考 */,
				9195E5A41B9426DD0089DB7F /* 发布说明 */,
				9195E5AB1B9426DD0089DB7F /* 示例代码 */,
				9195E5A61B9426DD0089DB7F /* 技术注释 */,
				9195E5A71B9426DD0089DB7F /* 技术问答 */,
				9195E5AC1B9426DD0089DB7F /* 视频 */,
				9195E5A21B9426DD0089DB7F /* xcode任务 */,
			);
			path = "资源类型";
			sourceTree = "<group>";
		};
		9195E5A21B9426DD0089DB7F /* xcode任务 */ = {
			isa = PBXGroup;
			children = (
			);
			path = "xcode任务";
			sourceTree = "<group>";
		};
		9195E5A31B9426DD0089DB7F /* 参考 */ = {
			isa = PBXGroup;
			children = (
			);
			path = "参考";
			sourceTree = "<group>";
		};
		9195E5A41B9426DD0089DB7F /* 发布说明 */ = {
			isa = PBXGroup;
			children = (
			);
			path = "发布说明";
			sourceTree = "<group>";
		};
		9195E5A51B9426DD0089DB7F /* 开始 */ = {
			isa = PBXGroup;
			children = (
			);
			path = "开始";
			sourceTree = "<group>";
		};
		9195E5A61B9426DD0089DB7F /* 技术注释 */ = {
			isa = PBXGroup;
			children = (
			);
			path = "技术注释";
			sourceTree = "<group>";
		};
		9195E5A71B9426DD0089DB7F /* 技术问答 */ = {
			isa = PBXGroup;
			children = (
			);
			path = "技术问答";
			sourceTree = "<group>";
		};
		9195E5A81B9426DD0089DB7F /* 指南 */ = {
			isa = PBXGroup;
			children = (
			);
			path = "指南";
			sourceTree = "<group>";
		};
		9195E5A91B9426DD0089DB7F /* 文档 */ = {
			isa = PBXGroup;
			children = (
			);
			path = "文档";
			sourceTree = "<group>";
		};
		9195E5AA1B9426DD0089DB7F /* 文章 */ = {
			isa = PBXGroup;
			children = (
			);
			path = "文章";
			sourceTree = "<group>";
		};
		9195E5AB1B9426DD0089DB7F /* 示例代码 */ = {
			isa = PBXGroup;
			children = (
			);
			path = "示例代码";
			sourceTree = "<group>";
		};
		9195E5AC1B9426DD0089DB7F /* 视频 */ = {
			isa = PBXGroup;
			children = (
			);
			path = "视频";
			sourceTree = "<group>";
		};
		9195E5AD1B9428E60089DB7F /* 安全 */ = {
			isa = PBXGroup;
			children = (
			);
			path = "安全";
			sourceTree = "<group>";
		};
		9195E5AE1B9428E60089DB7F /* 数据管理 */ = {
			isa = PBXGroup;
			children = (
			);
			path = "数据管理";
			sourceTree = "<group>";
		};
		9195E5AF1B9428E60089DB7F /* 通常的 */ = {
			isa = PBXGroup;
			children = (
			);
			path = "通常的";
			sourceTree = "<group>";
		};
		9195E5B01B9428E60089DB7F /* 图形和动画 */ = {
			isa = PBXGroup;
			children = (
			);
			path = "图形和动画";
			sourceTree = "<group>";
		};
		9195E5B11B9428E60089DB7F /* 性能 */ = {
			isa = PBXGroup;
			children = (
			);
			path = "性能";
			sourceTree = "<group>";
		};
		9195E5B21B9428E60089DB7F /* 音频和视频 */ = {
			isa = PBXGroup;
			children = (
			);
			path = "音频和视频";
			sourceTree = "<group>";
		};
		9195E5B31B9428E60089DB7F /* 用户体验 */ = {
			isa = PBXGroup;
			children = (
			);
			path = "用户体验";
			sourceTree = "<group>";
		};
		9195E5B41B9428E60089DB7F /* 语言和实用的 */ = {
			isa = PBXGroup;
			children = (
			);
			path = "语言和实用的";
			sourceTree = "<group>";
		};
		9195E5B51B9428E60089DB7F /* swift */ = {
			isa = PBXGroup;
			children = (
			);
			path = swift;
			sourceTree = "<group>";
		};
		9195E5B61B9428E60089DB7F /* xcode */ = {
			isa = PBXGroup;
			children = (
			);
			path = xcode;
			sourceTree = "<group>";
		};
		9195E5B71B94297A0089DB7F /* 数学计算 */ = {
			isa = PBXGroup;
			children = (
			);
			path = "数学计算";
			sourceTree = "<group>";
		};
		9195E5B81B9429DF0089DB7F /* 网络和internet */ = {
			isa = PBXGroup;
			children = (
			);
			path = "网络和internet";
			sourceTree = "<group>";
		};
		9195E5B91B942A6F0089DB7F /* Cocoa Touch Layer */ = {
			isa = PBXGroup;
			children = (
				9195E5C01B942C500089DB7F /* 通讯录界面 */,
				9195E5BE1B942C500089DB7F /* 接触界面 */,
				9195E5BF1B942C500089DB7F /* 事件工具包界面 */,
				9195E5BD1B942C500089DB7F /* 地图工具 */,
				9195E5C21B942C500089DB7F /* 消息界面 */,
				9195E5C11B942C500089DB7F /* 通知中心 */,
				9195E5C31B942C500089DB7F /* 照片界面 */,
				9195E5C41B942C500089DB7F /* 重播套件 */,
				9195E5C61B942C500089DB7F /* twitter */,
				9195E5C71B942C500089DB7F /* UIKit */,
				9195E5C81B942C500089DB7F /* WatchKit */,
				9195E5C51B942C500089DB7F /* iAd */,
			);
			path = "Cocoa Touch Layer";
			sourceTree = "<group>";
		};
		9195E5BA1B942A6F0089DB7F /* Core OS Layer */ = {
			isa = PBXGroup;
			children = (
				9195E6041B9430590089DB7F /* Accelerate */,
				9195E6051B9430590089DB7F /* CoreBluetooth */,
				9195E6061B9430590089DB7F /* ExternalAccessory */,
				9195E6071B9430590089DB7F /* LocalAuthentication */,
				9195E6081B9430590089DB7F /* NetworkExtension */,
				9195E6091B9430590089DB7F /* Security */,
				9195E60A1B9430590089DB7F /* System */,
			);
			path = "Core OS Layer";
			sourceTree = "<group>";
		};
		9195E5BB1B942A6F0089DB7F /* Core Services Layer */ = {
			isa = PBXGroup;
			children = (
				9195E5E31B942FF20089DB7F /* Accounts */,
				9195E5E51B942FF20089DB7F /* AdSupport */,
				9195E5E41B942FF20089DB7F /* AddressBook */,
				9195E5E61B942FF20089DB7F /* CFNetwork */,
				9195E5E71B942FF20089DB7F /* CloudKit */,
				9195E5E81B942FF20089DB7F /* CloudKit JS */,
				9195E5E91B942FF20089DB7F /* Contacts */,
				9195E5EA1B942FF20089DB7F /* CoreData */,
				9195E5EB1B942FF20089DB7F /* CoreFoundation */,
				9195E5EC1B942FF20089DB7F /* CoreLocation */,
				9195E5ED1B942FF20089DB7F /* CoreMedia */,
				9195E5EE1B942FF20089DB7F /* CoreMotion */,
				9195E5EF1B942FF20089DB7F /* CoreSpotlight */,
				9195E5F01B942FF20089DB7F /* CoreTelephony */,
				9195E5F11B942FF20089DB7F /* EventKit */,
				9195E5F21B942FF20089DB7F /* Foundation */,
				9195E5F31B942FF20089DB7F /* GameCenter */,
				9195E5F41B942FF20089DB7F /* GameplayKit */,
				9195E5F51B942FF20089DB7F /* HealthKit */,
				9195E5F61B942FF20089DB7F /* HomeKit */,
				9195E5F71B942FF20089DB7F /* JavaScriptCore */,
				9195E5F81B942FF20089DB7F /* MobileCoreServices */,
				9195E5F91B942FF20089DB7F /* MultipeerConnectivity */,
				9195E5FA1B942FF20089DB7F /* NewsstandKit */,
				9195E5FB1B942FF20089DB7F /* PassKit */,
				9195E5FC1B942FF20089DB7F /* PushKit */,
				9195E5FD1B942FF20089DB7F /* QuickLook */,
				9195E5FE1B942FF20089DB7F /* Social */,
				9195E5FF1B942FF20089DB7F /* StoreKit */,
				9195E6001B942FF20089DB7F /* SystemConfiguration */,
				9195E6011B942FF20089DB7F /* UIAutomation */,
				9195E6021B942FF20089DB7F /* WatchConnectivity */,
				9195E6031B942FF20089DB7F /* WebKit */,
			);
			path = "Core Services Layer";
			sourceTree = "<group>";
		};
		9195E5BC1B942A6F0089DB7F /* Media Layer */ = {
			isa = PBXGroup;
			children = (
				9195E5CC1B942E750089DB7F /* AVFoundation */,
				9195E5CD1B942E750089DB7F /* AVKit */,
				9195E5C91B942E750089DB7F /* AssetsLibrary */,
				9195E5CA1B942E750089DB7F /* AudioToolbox */,
				9195E5CB1B942E750089DB7F /* AudioUnit */,
				9195E5CE1B942E750089DB7F /* CoreAudio */,
				9195E5CF1B942E750089DB7F /* CoreAudioKit */,
				9195E5D01B942E750089DB7F /* CoreGraphics */,
				9195E5D11B942E750089DB7F /* CoreImage */,
				9195E5D21B942E750089DB7F /* CoreMIDI */,
				9195E5D31B942E750089DB7F /* CoreText */,
				9195E5D41B942E750089DB7F /* CoreVideo */,
				9195E5D61B942E750089DB7F /* GLKit */,
				9195E5D51B942E750089DB7F /* GameController */,
				9195E5D71B942E750089DB7F /* ImageIO */,
				9195E5D81B942E750089DB7F /* MediaAccessibility */,
				9195E5D91B942E750089DB7F /* MediaPlayer */,
				9195E5DA1B942E750089DB7F /* Metal */,
				9195E5DB1B942E750089DB7F /* MetalKit */,
				9195E5DC1B942E750089DB7F /* MetalPerformanceShaders */,
				9195E5DD1B942E750089DB7F /* ModelIO */,
				9195E5DE1B942E750089DB7F /* OpenGLES */,
				9195E5DF1B942E750089DB7F /* Photos */,
				9195E5E01B942E750089DB7F /* QuartzCore */,
				9195E5E11B942E750089DB7F /* SceneKit */,
				9195E5E21B942E750089DB7F /* SpriteKit */,
			);
			path = "Media Layer";
			sourceTree = "<group>";
		};
		9195E5BD1B942C500089DB7F /* 地图工具 */ = {
			isa = PBXGroup;
			children = (
			);
			path = "地图工具";
			sourceTree = "<group>";
		};
		9195E5BE1B942C500089DB7F /* 接触界面 */ = {
			isa = PBXGroup;
			children = (
			);
			path = "接触界面";
			sourceTree = "<group>";
		};
		9195E5BF1B942C500089DB7F /* 事件工具包界面 */ = {
			isa = PBXGroup;
			children = (
			);
			path = "事件工具包界面";
			sourceTree = "<group>";
		};
		9195E5C01B942C500089DB7F /* 通讯录界面 */ = {
			isa = PBXGroup;
			children = (
			);
			path = "通讯录界面";
			sourceTree = "<group>";
		};
		9195E5C11B942C500089DB7F /* 通知中心 */ = {
			isa = PBXGroup;
			children = (
			);
			path = "通知中心";
			sourceTree = "<group>";
		};
		9195E5C21B942C500089DB7F /* 消息界面 */ = {
			isa = PBXGroup;
			children = (
			);
			path = "消息界面";
			sourceTree = "<group>";
		};
		9195E5C31B942C500089DB7F /* 照片界面 */ = {
			isa = PBXGroup;
			children = (
			);
			path = "照片界面";
			sourceTree = "<group>";
		};
		9195E5C41B942C500089DB7F /* 重播套件 */ = {
			isa = PBXGroup;
			children = (
			);
			path = "重播套件";
			sourceTree = "<group>";
		};
		9195E5C51B942C500089DB7F /* iAd */ = {
			isa = PBXGroup;
			children = (
			);
			path = iAd;
			sourceTree = "<group>";
		};
		9195E5C61B942C500089DB7F /* twitter */ = {
			isa = PBXGroup;
			children = (
			);
			path = twitter;
			sourceTree = "<group>";
		};
		9195E5C71B942C500089DB7F /* UIKit */ = {
			isa = PBXGroup;
			children = (
			);
			path = UIKit;
			sourceTree = "<group>";
		};
		9195E5C81B942C500089DB7F /* WatchKit */ = {
			isa = PBXGroup;
			children = (
			);
			path = WatchKit;
			sourceTree = "<group>";
		};
		9195E5C91B942E750089DB7F /* AssetsLibrary */ = {
			isa = PBXGroup;
			children = (
			);
			path = AssetsLibrary;
			sourceTree = "<group>";
		};
		9195E5CA1B942E750089DB7F /* AudioToolbox */ = {
			isa = PBXGroup;
			children = (
			);
			path = AudioToolbox;
			sourceTree = "<group>";
		};
		9195E5CB1B942E750089DB7F /* AudioUnit */ = {
			isa = PBXGroup;
			children = (
			);
			path = AudioUnit;
			sourceTree = "<group>";
		};
		9195E5CC1B942E750089DB7F /* AVFoundation */ = {
			isa = PBXGroup;
			children = (
			);
			path = AVFoundation;
			sourceTree = "<group>";
		};
		9195E5CD1B942E750089DB7F /* AVKit */ = {
			isa = PBXGroup;
			children = (
			);
			path = AVKit;
			sourceTree = "<group>";
		};
		9195E5CE1B942E750089DB7F /* CoreAudio */ = {
			isa = PBXGroup;
			children = (
			);
			path = CoreAudio;
			sourceTree = "<group>";
		};
		9195E5CF1B942E750089DB7F /* CoreAudioKit */ = {
			isa = PBXGroup;
			children = (
			);
			path = CoreAudioKit;
			sourceTree = "<group>";
		};
		9195E5D01B942E750089DB7F /* CoreGraphics */ = {
			isa = PBXGroup;
			children = (
			);
			path = CoreGraphics;
			sourceTree = "<group>";
		};
		9195E5D11B942E750089DB7F /* CoreImage */ = {
			isa = PBXGroup;
			children = (
			);
			path = CoreImage;
			sourceTree = "<group>";
		};
		9195E5D21B942E750089DB7F /* CoreMIDI */ = {
			isa = PBXGroup;
			children = (
			);
			path = CoreMIDI;
			sourceTree = "<group>";
		};
		9195E5D31B942E750089DB7F /* CoreText */ = {
			isa = PBXGroup;
			children = (
			);
			path = CoreText;
			sourceTree = "<group>";
		};
		9195E5D41B942E750089DB7F /* CoreVideo */ = {
			isa = PBXGroup;
			children = (
			);
			path = CoreVideo;
			sourceTree = "<group>";
		};
		9195E5D51B942E750089DB7F /* GameController */ = {
			isa = PBXGroup;
			children = (
			);
			path = GameController;
			sourceTree = "<group>";
		};
		9195E5D61B942E750089DB7F /* GLKit */ = {
			isa = PBXGroup;
			children = (
			);
			path = GLKit;
			sourceTree = "<group>";
		};
		9195E5D71B942E750089DB7F /* ImageIO */ = {
			isa = PBXGroup;
			children = (
			);
			path = ImageIO;
			sourceTree = "<group>";
		};
		9195E5D81B942E750089DB7F /* MediaAccessibility */ = {
			isa = PBXGroup;
			children = (
			);
			path = MediaAccessibility;
			sourceTree = "<group>";
		};
		9195E5D91B942E750089DB7F /* MediaPlayer */ = {
			isa = PBXGroup;
			children = (
			);
			path = MediaPlayer;
			sourceTree = "<group>";
		};
		9195E5DA1B942E750089DB7F /* Metal */ = {
			isa = PBXGroup;
			children = (
			);
			path = Metal;
			sourceTree = "<group>";
		};
		9195E5DB1B942E750089DB7F /* MetalKit */ = {
			isa = PBXGroup;
			children = (
			);
			path = MetalKit;
			sourceTree = "<group>";
		};
		9195E5DC1B942E750089DB7F /* MetalPerformanceShaders */ = {
			isa = PBXGroup;
			children = (
			);
			path = MetalPerformanceShaders;
			sourceTree = "<group>";
		};
		9195E5DD1B942E750089DB7F /* ModelIO */ = {
			isa = PBXGroup;
			children = (
			);
			path = ModelIO;
			sourceTree = "<group>";
		};
		9195E5DE1B942E750089DB7F /* OpenGLES */ = {
			isa = PBXGroup;
			children = (
			);
			path = OpenGLES;
			sourceTree = "<group>";
		};
		9195E5DF1B942E750089DB7F /* Photos */ = {
			isa = PBXGroup;
			children = (
			);
			path = Photos;
			sourceTree = "<group>";
		};
		9195E5E01B942E750089DB7F /* QuartzCore */ = {
			isa = PBXGroup;
			children = (
			);
			path = QuartzCore;
			sourceTree = "<group>";
		};
		9195E5E11B942E750089DB7F /* SceneKit */ = {
			isa = PBXGroup;
			children = (
			);
			path = SceneKit;
			sourceTree = "<group>";
		};
		9195E5E21B942E750089DB7F /* SpriteKit */ = {
			isa = PBXGroup;
			children = (
			);
			path = SpriteKit;
			sourceTree = "<group>";
		};
		9195E5E31B942FF20089DB7F /* Accounts */ = {
			isa = PBXGroup;
			children = (
			);
			path = Accounts;
			sourceTree = "<group>";
		};
		9195E5E41B942FF20089DB7F /* AddressBook */ = {
			isa = PBXGroup;
			children = (
			);
			path = AddressBook;
			sourceTree = "<group>";
		};
		9195E5E51B942FF20089DB7F /* AdSupport */ = {
			isa = PBXGroup;
			children = (
			);
			path = AdSupport;
			sourceTree = "<group>";
		};
		9195E5E61B942FF20089DB7F /* CFNetwork */ = {
			isa = PBXGroup;
			children = (
			);
			path = CFNetwork;
			sourceTree = "<group>";
		};
		9195E5E71B942FF20089DB7F /* CloudKit */ = {
			isa = PBXGroup;
			children = (
			);
			path = CloudKit;
			sourceTree = "<group>";
		};
		9195E5E81B942FF20089DB7F /* CloudKit JS */ = {
			isa = PBXGroup;
			children = (
			);
			path = "CloudKit JS";
			sourceTree = "<group>";
		};
		9195E5E91B942FF20089DB7F /* Contacts */ = {
			isa = PBXGroup;
			children = (
			);
			path = Contacts;
			sourceTree = "<group>";
		};
		9195E5EA1B942FF20089DB7F /* CoreData */ = {
			isa = PBXGroup;
			children = (
			);
			path = CoreData;
			sourceTree = "<group>";
		};
		9195E5EB1B942FF20089DB7F /* CoreFoundation */ = {
			isa = PBXGroup;
			children = (
			);
			path = CoreFoundation;
			sourceTree = "<group>";
		};
		9195E5EC1B942FF20089DB7F /* CoreLocation */ = {
			isa = PBXGroup;
			children = (
			);
			path = CoreLocation;
			sourceTree = "<group>";
		};
		9195E5ED1B942FF20089DB7F /* CoreMedia */ = {
			isa = PBXGroup;
			children = (
			);
			path = CoreMedia;
			sourceTree = "<group>";
		};
		9195E5EE1B942FF20089DB7F /* CoreMotion */ = {
			isa = PBXGroup;
			children = (
			);
			path = CoreMotion;
			sourceTree = "<group>";
		};
		9195E5EF1B942FF20089DB7F /* CoreSpotlight */ = {
			isa = PBXGroup;
			children = (
			);
			path = CoreSpotlight;
			sourceTree = "<group>";
		};
		9195E5F01B942FF20089DB7F /* CoreTelephony */ = {
			isa = PBXGroup;
			children = (
			);
			path = CoreTelephony;
			sourceTree = "<group>";
		};
		9195E5F11B942FF20089DB7F /* EventKit */ = {
			isa = PBXGroup;
			children = (
			);
			path = EventKit;
			sourceTree = "<group>";
		};
		9195E5F21B942FF20089DB7F /* Foundation */ = {
			isa = PBXGroup;
			children = (
			);
			path = Foundation;
			sourceTree = "<group>";
		};
		9195E5F31B942FF20089DB7F /* GameCenter */ = {
			isa = PBXGroup;
			children = (
			);
			path = GameCenter;
			sourceTree = "<group>";
		};
		9195E5F41B942FF20089DB7F /* GameplayKit */ = {
			isa = PBXGroup;
			children = (
			);
			path = GameplayKit;
			sourceTree = "<group>";
		};
		9195E5F51B942FF20089DB7F /* HealthKit */ = {
			isa = PBXGroup;
			children = (
			);
			path = HealthKit;
			sourceTree = "<group>";
		};
		9195E5F61B942FF20089DB7F /* HomeKit */ = {
			isa = PBXGroup;
			children = (
			);
			path = HomeKit;
			sourceTree = "<group>";
		};
		9195E5F71B942FF20089DB7F /* JavaScriptCore */ = {
			isa = PBXGroup;
			children = (
			);
			path = JavaScriptCore;
			sourceTree = "<group>";
		};
		9195E5F81B942FF20089DB7F /* MobileCoreServices */ = {
			isa = PBXGroup;
			children = (
			);
			path = MobileCoreServices;
			sourceTree = "<group>";
		};
		9195E5F91B942FF20089DB7F /* MultipeerConnectivity */ = {
			isa = PBXGroup;
			children = (
			);
			path = MultipeerConnectivity;
			sourceTree = "<group>";
		};
		9195E5FA1B942FF20089DB7F /* NewsstandKit */ = {
			isa = PBXGroup;
			children = (
			);
			path = NewsstandKit;
			sourceTree = "<group>";
		};
		9195E5FB1B942FF20089DB7F /* PassKit */ = {
			isa = PBXGroup;
			children = (
			);
			path = PassKit;
			sourceTree = "<group>";
		};
		9195E5FC1B942FF20089DB7F /* PushKit */ = {
			isa = PBXGroup;
			children = (
			);
			path = PushKit;
			sourceTree = "<group>";
		};
		9195E5FD1B942FF20089DB7F /* QuickLook */ = {
			isa = PBXGroup;
			children = (
			);
			path = QuickLook;
			sourceTree = "<group>";
		};
		9195E5FE1B942FF20089DB7F /* Social */ = {
			isa = PBXGroup;
			children = (
			);
			path = Social;
			sourceTree = "<group>";
		};
		9195E5FF1B942FF20089DB7F /* StoreKit */ = {
			isa = PBXGroup;
			children = (
			);
			path = StoreKit;
			sourceTree = "<group>";
		};
		9195E6001B942FF20089DB7F /* SystemConfiguration */ = {
			isa = PBXGroup;
			children = (
			);
			path = SystemConfiguration;
			sourceTree = "<group>";
		};
		9195E6011B942FF20089DB7F /* UIAutomation */ = {
			isa = PBXGroup;
			children = (
			);
			path = UIAutomation;
			sourceTree = "<group>";
		};
		9195E6021B942FF20089DB7F /* WatchConnectivity */ = {
			isa = PBXGroup;
			children = (
			);
			path = WatchConnectivity;
			sourceTree = "<group>";
		};
		9195E6031B942FF20089DB7F /* WebKit */ = {
			isa = PBXGroup;
			children = (
			);
			path = WebKit;
			sourceTree = "<group>";
		};
		9195E6041B9430590089DB7F /* Accelerate */ = {
			isa = PBXGroup;
			children = (
			);
			path = Accelerate;
			sourceTree = "<group>";
		};
		9195E6051B9430590089DB7F /* CoreBluetooth */ = {
			isa = PBXGroup;
			children = (
			);
			path = CoreBluetooth;
			sourceTree = "<group>";
		};
		9195E6061B9430590089DB7F /* ExternalAccessory */ = {
			isa = PBXGroup;
			children = (
			);
			path = ExternalAccessory;
			sourceTree = "<group>";
		};
		9195E6071B9430590089DB7F /* LocalAuthentication */ = {
			isa = PBXGroup;
			children = (
			);
			path = LocalAuthentication;
			sourceTree = "<group>";
		};
		9195E6081B9430590089DB7F /* NetworkExtension */ = {
			isa = PBXGroup;
			children = (
			);
			path = NetworkExtension;
			sourceTree = "<group>";
		};
		9195E6091B9430590089DB7F /* Security */ = {
			isa = PBXGroup;
			children = (
			);
			path = Security;
			sourceTree = "<group>";
		};
		9195E60A1B9430590089DB7F /* System */ = {
			isa = PBXGroup;
			children = (
			);
			path = System;
			sourceTree = "<group>";
		};
/* End PBXGroup section */

/* Begin PBXNativeTarget section */
		9195E5741B94233A0089DB7F /* IOS-Developer-library-Chinese */ = {
			isa = PBXNativeTarget;
			buildConfigurationList = 9195E5981B94233A0089DB7F /* Build configuration list for PBXNativeTarget "IOS-Developer-library-Chinese" */;
			buildPhases = (
				9195E5711B94233A0089DB7F /* Sources */,
				9195E5721B94233A0089DB7F /* Frameworks */,
				9195E5731B94233A0089DB7F /* Resources */,
			);
			buildRules = (
			);
			dependencies = (
			);
			name = "IOS-Developer-library-Chinese";
			productName = "IOS-Developer-library-Chinese";
			productReference = 9195E5751B94233A0089DB7F /* IOS-Developer-library-Chinese.app */;
			productType = "com.apple.product-type.application";
		};
		9195E58D1B94233A0089DB7F /* IOS-Developer-library-ChineseTests */ = {
			isa = PBXNativeTarget;
			buildConfigurationList = 9195E59B1B94233A0089DB7F /* Build configuration list for PBXNativeTarget "IOS-Developer-library-ChineseTests" */;
			buildPhases = (
				9195E58A1B94233A0089DB7F /* Sources */,
				9195E58B1B94233A0089DB7F /* Frameworks */,
				9195E58C1B94233A0089DB7F /* Resources */,
			);
			buildRules = (
			);
			dependencies = (
				9195E5901B94233A0089DB7F /* PBXTargetDependency */,
			);
			name = "IOS-Developer-library-ChineseTests";
			productName = "IOS-Developer-library-ChineseTests";
			productReference = 9195E58E1B94233A0089DB7F /* IOS-Developer-library-ChineseTests.xctest */;
			productType = "com.apple.product-type.bundle.unit-test";
		};
/* End PBXNativeTarget section */

/* Begin PBXProject section */
		9195E56D1B94233A0089DB7F /* Project object */ = {
			isa = PBXProject;
			attributes = {
				LastUpgradeCheck = 0630;
				ORGANIZATIONNAME = zhisu;
				TargetAttributes = {
					9195E5741B94233A0089DB7F = {
						CreatedOnToolsVersion = 6.3.2;
					};
					9195E58D1B94233A0089DB7F = {
						CreatedOnToolsVersion = 6.3.2;
						TestTargetID = 9195E5741B94233A0089DB7F;
					};
				};
			};
			buildConfigurationList = 9195E5701B94233A0089DB7F /* Build configuration list for PBXProject "IOS-Developer-library-Chinese" */;
			compatibilityVersion = "Xcode 3.2";
			developmentRegion = English;
			hasScannedForEncodings = 0;
			knownRegions = (
				en,
				Base,
			);
			mainGroup = 9195E56C1B94233A0089DB7F;
			productRefGroup = 9195E5761B94233A0089DB7F /* Products */;
			projectDirPath = "";
			projectRoot = "";
			targets = (
				9195E5741B94233A0089DB7F /* IOS-Developer-library-Chinese */,
				9195E58D1B94233A0089DB7F /* IOS-Developer-library-ChineseTests */,
			);
		};
/* End PBXProject section */

/* Begin PBXResourcesBuildPhase section */
		9195E5731B94233A0089DB7F /* Resources */ = {
			isa = PBXResourcesBuildPhase;
			buildActionMask = 2147483647;
			files = (
				9195E5841B94233A0089DB7F /* Main.storyboard in Resources */,
				9195E5891B94233A0089DB7F /* LaunchScreen.xib in Resources */,
				9195E5861B94233A0089DB7F /* Images.xcassets in Resources */,
			);
			runOnlyForDeploymentPostprocessing = 0;
		};
		9195E58C1B94233A0089DB7F /* Resources */ = {
			isa = PBXResourcesBuildPhase;
			buildActionMask = 2147483647;
			files = (
			);
			runOnlyForDeploymentPostprocessing = 0;
		};
/* End PBXResourcesBuildPhase section */

/* Begin PBXSourcesBuildPhase section */
		9195E5711B94233A0089DB7F /* Sources */ = {
			isa = PBXSourcesBuildPhase;
			buildActionMask = 2147483647;
			files = (
				9195E5811B94233A0089DB7F /* ViewController.m in Sources */,
				9195E57E1B94233A0089DB7F /* AppDelegate.m in Sources */,
				9195E57B1B94233A0089DB7F /* main.m in Sources */,
			);
			runOnlyForDeploymentPostprocessing = 0;
		};
		9195E58A1B94233A0089DB7F /* Sources */ = {
			isa = PBXSourcesBuildPhase;
			buildActionMask = 2147483647;
			files = (
				9195E5951B94233A0089DB7F /* IOS_Developer_library_ChineseTests.m in Sources */,
			);
			runOnlyForDeploymentPostprocessing = 0;
		};
/* End PBXSourcesBuildPhase section */

/* Begin PBXTargetDependency section */
		9195E5901B94233A0089DB7F /* PBXTargetDependency */ = {
			isa = PBXTargetDependency;
			target = 9195E5741B94233A0089DB7F /* IOS-Developer-library-Chinese */;
			targetProxy = 9195E58F1B94233A0089DB7F /* PBXContainerItemProxy */;
		};
/* End PBXTargetDependency section */

/* Begin PBXVariantGroup section */
		9195E5821B94233A0089DB7F /* Main.storyboard */ = {
			isa = PBXVariantGroup;
			children = (
				9195E5831B94233A0089DB7F /* Base */,
			);
			name = Main.storyboard;
			sourceTree = "<group>";
		};
		9195E5871B94233A0089DB7F /* LaunchScreen.xib */ = {
			isa = PBXVariantGroup;
			children = (
				9195E5881B94233A0089DB7F /* Base */,
			);
			name = LaunchScreen.xib;
			sourceTree = "<group>";
		};
/* End PBXVariantGroup section */

/* Begin XCBuildConfiguration section */
		9195E5961B94233A0089DB7F /* Debug */ = {
			isa = XCBuildConfiguration;
			buildSettings = {
				ALWAYS_SEARCH_USER_PATHS = NO;
				CLANG_CXX_LANGUAGE_STANDARD = "gnu++0x";
				CLANG_CXX_LIBRARY = "libc++";
				CLANG_ENABLE_MODULES = YES;
				CLANG_ENABLE_OBJC_ARC = YES;
				CLANG_WARN_BOOL_CONVERSION = YES;
				CLANG_WARN_CONSTANT_CONVERSION = YES;
				CLANG_WARN_DIRECT_OBJC_ISA_USAGE = YES_ERROR;
				CLANG_WARN_EMPTY_BODY = YES;
				CLANG_WARN_ENUM_CONVERSION = YES;
				CLANG_WARN_INT_CONVERSION = YES;
				CLANG_WARN_OBJC_ROOT_CLASS = YES_ERROR;
				CLANG_WARN_UNREACHABLE_CODE = YES;
				CLANG_WARN__DUPLICATE_METHOD_MATCH = YES;
				"CODE_SIGN_IDENTITY[sdk=iphoneos*]" = "iPhone Developer";
				COPY_PHASE_STRIP = NO;
				DEBUG_INFORMATION_FORMAT = "dwarf-with-dsym";
				ENABLE_STRICT_OBJC_MSGSEND = YES;
				GCC_C_LANGUAGE_STANDARD = gnu99;
				GCC_DYNAMIC_NO_PIC = NO;
				GCC_NO_COMMON_BLOCKS = YES;
				GCC_OPTIMIZATION_LEVEL = 0;
				GCC_PREPROCESSOR_DEFINITIONS = (
					"DEBUG=1",
					"$(inherited)",
				);
				GCC_SYMBOLS_PRIVATE_EXTERN = NO;
				GCC_WARN_64_TO_32_BIT_CONVERSION = YES;
				GCC_WARN_ABOUT_RETURN_TYPE = YES_ERROR;
				GCC_WARN_UNDECLARED_SELECTOR = YES;
				GCC_WARN_UNINITIALIZED_AUTOS = YES_AGGRESSIVE;
				GCC_WARN_UNUSED_FUNCTION = YES;
				GCC_WARN_UNUSED_VARIABLE = YES;
				IPHONEOS_DEPLOYMENT_TARGET = 8.3;
				MTL_ENABLE_DEBUG_INFO = YES;
				ONLY_ACTIVE_ARCH = YES;
				SDKROOT = iphoneos;
			};
			name = Debug;
		};
		9195E5971B94233A0089DB7F /* Release */ = {
			isa = XCBuildConfiguration;
			buildSettings = {
				ALWAYS_SEARCH_USER_PATHS = NO;
				CLANG_CXX_LANGUAGE_STANDARD = "gnu++0x";
				CLANG_CXX_LIBRARY = "libc++";
				CLANG_ENABLE_MODULES = YES;
				CLANG_ENABLE_OBJC_ARC = YES;
				CLANG_WARN_BOOL_CONVERSION = YES;
				CLANG_WARN_CONSTANT_CONVERSION = YES;
				CLANG_WARN_DIRECT_OBJC_ISA_USAGE = YES_ERROR;
				CLANG_WARN_EMPTY_BODY = YES;
				CLANG_WARN_ENUM_CONVERSION = YES;
				CLANG_WARN_INT_CONVERSION = YES;
				CLANG_WARN_OBJC_ROOT_CLASS = YES_ERROR;
				CLANG_WARN_UNREACHABLE_CODE = YES;
				CLANG_WARN__DUPLICATE_METHOD_MATCH = YES;
				"CODE_SIGN_IDENTITY[sdk=iphoneos*]" = "iPhone Developer";
				COPY_PHASE_STRIP = NO;
				DEBUG_INFORMATION_FORMAT = "dwarf-with-dsym";
				ENABLE_NS_ASSERTIONS = NO;
				ENABLE_STRICT_OBJC_MSGSEND = YES;
				GCC_C_LANGUAGE_STANDARD = gnu99;
				GCC_NO_COMMON_BLOCKS = YES;
				GCC_WARN_64_TO_32_BIT_CONVERSION = YES;
				GCC_WARN_ABOUT_RETURN_TYPE = YES_ERROR;
				GCC_WARN_UNDECLARED_SELECTOR = YES;
				GCC_WARN_UNINITIALIZED_AUTOS = YES_AGGRESSIVE;
				GCC_WARN_UNUSED_FUNCTION = YES;
				GCC_WARN_UNUSED_VARIABLE = YES;
				IPHONEOS_DEPLOYMENT_TARGET = 8.3;
				MTL_ENABLE_DEBUG_INFO = NO;
				SDKROOT = iphoneos;
				VALIDATE_PRODUCT = YES;
			};
			name = Release;
		};
		9195E5991B94233A0089DB7F /* Debug */ = {
			isa = XCBuildConfiguration;
			buildSettings = {
				ASSETCATALOG_COMPILER_APPICON_NAME = AppIcon;
				INFOPLIST_FILE = "IOS-Developer-library-Chinese/Info.plist";
				LD_RUNPATH_SEARCH_PATHS = "$(inherited) @executable_path/Frameworks";
				PRODUCT_NAME = "$(TARGET_NAME)";
			};
			name = Debug;
		};
		9195E59A1B94233A0089DB7F /* Release */ = {
			isa = XCBuildConfiguration;
			buildSettings = {
				ASSETCATALOG_COMPILER_APPICON_NAME = AppIcon;
				INFOPLIST_FILE = "IOS-Developer-library-Chinese/Info.plist";
				LD_RUNPATH_SEARCH_PATHS = "$(inherited) @executable_path/Frameworks";
				PRODUCT_NAME = "$(TARGET_NAME)";
			};
			name = Release;
		};
		9195E59C1B94233A0089DB7F /* Debug */ = {
			isa = XCBuildConfiguration;
			buildSettings = {
				BUNDLE_LOADER = "$(TEST_HOST)";
				FRAMEWORK_SEARCH_PATHS = (
					"$(SDKROOT)/Developer/Library/Frameworks",
					"$(inherited)",
				);
				GCC_PREPROCESSOR_DEFINITIONS = (
					"DEBUG=1",
					"$(inherited)",
				);
				INFOPLIST_FILE = "IOS-Developer-library-ChineseTests/Info.plist";
				LD_RUNPATH_SEARCH_PATHS = "$(inherited) @executable_path/Frameworks @loader_path/Frameworks";
				PRODUCT_NAME = "$(TARGET_NAME)";
				TEST_HOST = "$(BUILT_PRODUCTS_DIR)/IOS-Developer-library-Chinese.app/IOS-Developer-library-Chinese";
			};
			name = Debug;
		};
		9195E59D1B94233A0089DB7F /* Release */ = {
			isa = XCBuildConfiguration;
			buildSettings = {
				BUNDLE_LOADER = "$(TEST_HOST)";
				FRAMEWORK_SEARCH_PATHS = (
					"$(SDKROOT)/Developer/Library/Frameworks",
					"$(inherited)",
				);
				INFOPLIST_FILE = "IOS-Developer-library-ChineseTests/Info.plist";
				LD_RUNPATH_SEARCH_PATHS = "$(inherited) @executable_path/Frameworks @loader_path/Frameworks";
				PRODUCT_NAME = "$(TARGET_NAME)";
				TEST_HOST = "$(BUILT_PRODUCTS_DIR)/IOS-Developer-library-Chinese.app/IOS-Developer-library-Chinese";
			};
			name = Release;
		};
/* End XCBuildConfiguration section */

/* Begin XCConfigurationList section */
		9195E5701B94233A0089DB7F /* Build configuration list for PBXProject "IOS-Developer-library-Chinese" */ = {
			isa = XCConfigurationList;
			buildConfigurations = (
				9195E5961B94233A0089DB7F /* Debug */,
				9195E5971B94233A0089DB7F /* Release */,
			);
			defaultConfigurationIsVisible = 0;
			defaultConfigurationName = Release;
		};
		9195E5981B94233A0089DB7F /* Build configuration list for PBXNativeTarget "IOS-Developer-library-Chinese" */ = {
			isa = XCConfigurationList;
			buildConfigurations = (
				9195E5991B94233A0089DB7F /* Debug */,
				9195E59A1B94233A0089DB7F /* Release */,
			);
			defaultConfigurationIsVisible = 0;
		};
		9195E59B1B94233A0089DB7F /* Build configuration list for PBXNativeTarget "IOS-Developer-library-ChineseTests" */ = {
			isa = XCConfigurationList;
			buildConfigurations = (
				9195E59C1B94233A0089DB7F /* Debug */,
				9195E59D1B94233A0089DB7F /* Release */,
			);
			defaultConfigurationIsVisible = 0;
		};
/* End XCConfigurationList section */
	};
	rootObject = 9195E56D1B94233A0089DB7F /* Project object */;
}
